{
  "nodes": {
    "advisory-db": {
      "flake": false,
      "locked": {
        "lastModified": 1774427839,
        "narHash": "sha256-BfkPsVAP269pe1pD+vQndpEjwZ87Vw3uOv9Nt2IJ2cs=",
        "owner": "rustsec",
        "repo": "advisory-db",
        "rev": "64ca93bd6e5ad5b686c963a989d16f038349c6ae",
        "type": "github"
      },
      "original": {
        "owner": "rustsec",
        "repo": "advisory-db",
        "type": "github"
      }
    },
    "crane": {
      "locked": {
        "lastModified": 1774313767,
        "narHash": "sha256-hy0XTQND6avzGEUFrJtYBBpFa/POiiaGBr2vpU6Y9tY=",
        "owner": "ipetkov",
        "repo": "crane",
        "rev": "3d9df76e29656c679c744968b17fbaf28f0e923d",
        "type": "github"
      },
      "original": {
        "owner": "ipetkov",
        "repo": "crane",
        "type": "github"
      }
    },
    "fenix": {
      "inputs": {
        "nixpkgs": [
          "nixpkgs"
        ],
        "rust-analyzer-src": "rust-analyzer-src"
      },
      "locked": {
        "lastModified": 1774423251,
        "narHash": "sha256-g/PP8G9WcP4vtZVOBNYwfGxLnwLQoTERHnef8irAMeQ=",
        "owner": "nix-community",
        "repo": "fenix",
        "rev": "b70d7535088cd8a9e4322c372a475f66ffa18adf",
        "type": "github"
      },
      "original": {
        "owner": "nix-community",
        "repo": "fenix",
        "type": "github"
      }
    },
    "flakelight": {
      "inputs": {
        "nixpkgs": [
          "nixpkgs"
        ]
      },
      "locked": {
        "lastModified": 1774271954,
        "narHash": "sha256-FbvMOykx7f7uEPdRVzUSABnLjqCdEp22wa0nDkuEd3s=",
        "owner": "nix-community",
        "repo": "flakelight",
        "rev": "c90878b309508083094f465d6aa11b3963f48b9f",
        "type": "github"
      },
      "original": {
        "owner": "nix-community",
        "repo": "flakelight",
        "type": "github"
      }
    },
    "flakelight-treefmt": {
      "inputs": {
        "flakelight": [
          "flakelight"
        ],
        "treefmt-nix": "treefmt-nix"
      },
      "locked": {
        "lastModified": 1774357971,
        "narHash": "sha256-rLZ5JC8BVGbhQuCDwLT6jFoPoF4tNA6wWmUtfxcknps=",
        "owner": "m15a",
        "repo": "flakelight-treefmt",
        "rev": "270ca90aa2297cb2366a723fa09943cf8e221d23",
        "type": "github"
      },
      "original": {
        "owner": "m15a",
        "repo": "flakelight-treefmt",
        "type": "github"
      }
    },
    "nixpkgs": {
      "locked": {
        "lastModified": 1774106199,
        "narHash": "sha256-US5Tda2sKmjrg2lNHQL3jRQ6p96cgfWh3J1QBliQ8Ws=",
        "owner": "NixOS",
        "repo": "nixpkgs",
        "rev": "6c9a78c09ff4d6c21d0319114873508a6ec01655",
        "type": "github"
      },
      "original": {
        "owner": "NixOS",
        "ref": "nixos-unstable",
        "repo": "nixpkgs",
        "type": "github"
      }
    },
    "root": {
      "inputs": {
        "advisory-db": "advisory-db",
        "crane": "crane",
        "fenix": "fenix",
        "flakelight": "flakelight",
        "flakelight-treefmt": "flakelight-treefmt",
        "nixpkgs": "nixpkgs"
      }
    },
    "rust-analyzer-src": {
      "flake": false,
      "locked": {
        "lastModified": 1774376228,
        "narHash": "sha256-7oA0u4aghFjjIcIDKZ26NUpXH7hVXGPC0sI1OfK7NUk=",
        "owner": "rust-lang",
        "repo": "rust-analyzer",
        "rev": "eabb84b771420b8396ab4bb4747694302d9be277",
        "type": "github"
      },
      "original": {
        "owner": "rust-lang",
        "ref": "nightly",
        "repo": "rust-analyzer",
        "type": "github"
      }
    },
    "treefmt-nix": {
      "inputs": {
        "nixpkgs": [
          "flakelight-treefmt",
          "flakelight",
          "nixpkgs"
        ]
      },
      "locked": {
        "lastModified": 1773297127,
        "narHash": "sha256-6E/yhXP7Oy/NbXtf1ktzmU8SdVqJQ09HC/48ebEGBpk=",
        "owner": "numtide",
        "repo": "treefmt-nix",
        "rev": "71b125cd05fbfd78cab3e070b73544abe24c5016",
        "type": "github"
      },
      "original": {
        "owner": "numtide",
        "repo": "treefmt-nix",
        "type": "github"
      }
    }
  },
  "root": "root",
  "version": 7
}
